
Microsoft Visual Studio Solution File, Format Version 12.00
# Visual Studio Version 17
VisualStudioVersion = 17.1.32210.238
MinimumVisualStudioVersion = 10.0.40219.1
Project("{9A19103F-16F7-4668-BE54-9A1E7A4F7556}") = "ASP_Net_GB_lesson1", "ASP_Net_GB_lesson1\ASP_Net_GB_lesson1.csproj", "{9464A976-FDBA-461A-8957-1B581A8A8A1A}"
EndProject
Project("{FAE04EC0-301F-11D3-BF4B-00C04F79EFBC}") = "EmployeeService", "EmployeeService\EmployeeService.csproj", "{ECDD3A9C-EFEC-409C-AAEA-5BD37E3A8EFA}"
EndProject
Project("{9A19103F-16F7-4668-BE54-9A1E7A4F7556}") = "EmployeeService.Data", "EmployeeService.Data\EmployeeService.Data.csproj", "{D0DDA04B-C5A1-44F7-B08E-121716CABB3B}"
EndProject
Global
	GlobalSection(SolutionConfigurationPlatforms) = preSolution
		Debug|Any CPU = Debug|Any CPU
		Release|Any CPU = Release|Any CPU
	EndGlobalSection
	GlobalSection(ProjectConfigurationPlatforms) = postSolution
		{9464A976-FDBA-461A-8957-1B581A8A8A1A}.Debug|Any CPU.ActiveCfg = Debug|Any CPU
		{9464A976-FDBA-461A-8957-1B581A8A8A1A}.Debug|Any CPU.Build.0 = Debug|Any CPU
		{9464A976-FDBA-461A-8957-1B581A8A8A1A}.Release|Any CPU.ActiveCfg = Release|Any CPU
		{9464A976-FDBA-461A-8957-1B581A8A8A1A}.Release|Any CPU.Build.0 = Release|Any CPU
		{ECDD3A9C-EFEC-409C-AAEA-5BD37E3A8EFA}.Debug|Any CPU.ActiveCfg = Debug|Any CPU
		{ECDD3A9C-EFEC-409C-AAEA-5BD37E3A8EFA}.Debug|Any CPU.Build.0 = Debug|Any CPU
		{ECDD3A9C-EFEC-409C-AAEA-5BD37E3A8EFA}.Release|Any CPU.ActiveCfg = Release|Any CPU
		{ECDD3A9C-EFEC-409C-AAEA-5BD37E3A8EFA}.Release|Any CPU.Build.0 = Release|Any CPU
		{D0DDA04B-C5A1-44F7-B08E-121716CABB3B}.Debug|Any CPU.ActiveCfg = Debug|Any CPU
		{D0DDA04B-C5A1-44F7-B08E-121716CABB3B}.Debug|Any CPU.Build.0 = Debug|Any CPU
		{D0DDA04B-C5A1-44F7-B08E-121716CABB3B}.Release|Any CPU.ActiveCfg = Release|Any CPU
		{D0DDA04B-C5A1-44F7-B08E-121716CABB3B}.Release|Any CPU.Build.0 = Release|Any CPU
	EndGlobalSection
	GlobalSection(SolutionProperties) = preSolution
		HideSolutionNode = FALSE
	EndGlobalSection
	GlobalSection(ExtensibilityGlobals) = postSolution
		SolutionGuid = {A6EF1574-7A5A-4860-922A-6410999FD9AC}
	EndGlobalSection
EndGlobal
